// !$*UTF8*$!
{
	archiveVersion = 1;
	classes = {
	};
	objectVersion = 48;
	objects = {

/* Begin PBXBuildFile section */
		3922EE842115A9BE00A644FE /* AppDelegate.swift in Sources */ = {isa = PBXBuildFile; fileRef = 3922EE832115A9BE00A644FE /* AppDelegate.swift */; };
		3922EE862115A9BE00A644FE /* TodoListVC.swift in Sources */ = {isa = PBXBuildFile; fileRef = 3922EE852115A9BE00A644FE /* TodoListVC.swift */; };
		3922EE892115A9BE00A644FE /* Main.storyboard in Resources */ = {isa = PBXBuildFile; fileRef = 3922EE872115A9BE00A644FE /* Main.storyboard */; };
		3922EE8B2115A9BE00A644FE /* Assets.xcassets in Resources */ = {isa = PBXBuildFile; fileRef = 3922EE8A2115A9BE00A644FE /* Assets.xcassets */; };
		3922EE8E2115A9BE00A644FE /* LaunchScreen.storyboard in Resources */ = {isa = PBXBuildFile; fileRef = 3922EE8C2115A9BE00A644FE /* LaunchScreen.storyboard */; };
		3969BDB0211BE182004D30BE /* Item.swift in Sources */ = {isa = PBXBuildFile; fileRef = 3969BDAF211BE182004D30BE /* Item.swift */; };
/* End PBXBuildFile section */

/* Begin PBXFileReference section */
		3922EE802115A9BE00A644FE /* Todoey.app */ = {isa = PBXFileReference; explicitFileType = wrapper.application; includeInIndex = 0; path = Todoey.app; sourceTree = BUILT_PRODUCTS_DIR; };
		3922EE832115A9BE00A644FE /* AppDelegate.swift */ = {isa = PBXFileReference; lastKnownFileType = sourcecode.swift; path = AppDelegate.swift; sourceTree = "<group>"; };
		3922EE852115A9BE00A644FE /* TodoListVC.swift */ = {isa = PBXFileReference; lastKnownFileType = sourcecode.swift; path = TodoListVC.swift; sourceTree = "<group>"; };
		3922EE882115A9BE00A644FE /* Base */ = {isa = PBXFileReference; lastKnownFileType = file.storyboard; name = Base; path = Base.lproj/Main.storyboard; sourceTree = "<group>"; };
		3922EE8A2115A9BE00A644FE /* Assets.xcassets */ = {isa = PBXFileReference; lastKnownFileType = folder.assetcatalog; path = Assets.xcassets; sourceTree = "<group>"; };
		3922EE8D2115A9BE00A644FE /* Base */ = {isa = PBXFileReference; lastKnownFileType = file.storyboard; name = Base; path = Base.lproj/LaunchScreen.storyboard; sourceTree = "<group>"; };
		3922EE8F2115A9BE00A644FE /* Info.plist */ = {isa = PBXFileReference; lastKnownFileType = text.plist.xml; path = Info.plist; sourceTree = "<group>"; };
		3969BDAF211BE182004D30BE /* Item.swift */ = {isa = PBXFileReference; lastKnownFileType = sourcecode.swift; path = Item.swift; sourceTree = "<group>"; };
/* End PBXFileReference section */

/* Begin PBXFrameworksBuildPhase section */
		3922EE7D2115A9BE00A644FE /* Frameworks */ = {
			isa = PBXFrameworksBuildPhase;
			buildActionMask = 2147483647;
			files = (
			);
			runOnlyForDeploymentPostprocessing = 0;
		};
/* End PBXFrameworksBuildPhase section */

/* Begin PBXGroup section */
		3922EE772115A9BE00A644FE = {
			isa = PBXGroup;
			children = (
				3922EE822115A9BE00A644FE /* Todoey */,
				3922EE812115A9BE00A644FE /* Products */,
			);
			sourceTree = "<group>";
		};
		3922EE812115A9BE00A644FE /* Products */ = {
			isa = PBXGroup;
			children = (
				3922EE802115A9BE00A644FE /* Todoey.app */,
			);
			name = Products;
			sourceTree = "<group>";
		};
		3922EE822115A9BE00A644FE /* Todoey */ = {
			isa = PBXGroup;
			children = (
				3969BDB1211BE213004D30BE /* Model */,
				3969BDB3211BE22A004D30BE /* View */,
				3969BDB2211BE21A004D30BE /* Controller */,
				3969BDB4211BE247004D30BE /* Supporting Files */,
				3922EE832115A9BE00A644FE /* AppDelegate.swift */,
				3922EE8F2115A9BE00A644FE /* Info.plist */,
			);
			path = Todoey;
			sourceTree = "<group>";
		};
		3969BDB1211BE213004D30BE /* Model */ = {
			isa = PBXGroup;
			children = (
				3969BDAF211BE182004D30BE /* Item.swift */,
			);
			path = Model;
			sourceTree = "<group>";
		};
		3969BDB2211BE21A004D30BE /* Controller */ = {
			isa = PBXGroup;
			children = (
				3922EE852115A9BE00A644FE /* TodoListVC.swift */,
			);
			path = Controller;
			sourceTree = "<group>";
		};
		3969BDB3211BE22A004D30BE /* View */ = {
			isa = PBXGroup;
			children = (
				3922EE872115A9BE00A644FE /* Main.storyboard */,
			);
			path = View;
			sourceTree = "<group>";
		};
		3969BDB4211BE247004D30BE /* Supporting Files */ = {
			isa = PBXGroup;
			children = (
				3922EE8A2115A9BE00A644FE /* Assets.xcassets */,
				3922EE8C2115A9BE00A644FE /* LaunchScreen.storyboard */,
			);
			path = "Supporting Files";
			sourceTree = "<group>";
		};
/* End PBXGroup section */

/* Begin PBXNativeTarget section */
		3922EE7F2115A9BE00A644FE /* Todoey */ = {
			isa = PBXNativeTarget;
			buildConfigurationList = 3922EE922115A9BE00A644FE /* Build configuration list for PBXNativeTarget "Todoey" */;
			buildPhases = (
				3922EE7C2115A9BE00A644FE /* Sources */,
				3922EE7D2115A9BE00A644FE /* Frameworks */,
				3922EE7E2115A9BE00A644FE /* Resources */,
			);
			buildRules = (
			);
			dependencies = (
			);
			name = Todoey;
			productName = Todoey;
			productReference = 3922EE802115A9BE00A644FE /* Todoey.app */;
			productType = "com.apple.product-type.application";
		};
/* End PBXNativeTarget section */

/* Begin PBXProject section */
		3922EE782115A9BE00A644FE /* Project object */ = {
			isa = PBXProject;
			attributes = {
				LastSwiftUpdateCheck = 0920;
				LastUpgradeCheck = 0920;
				ORGANIZATIONNAME = nan;
				TargetAttributes = {
					3922EE7F2115A9BE00A644FE = {
						CreatedOnToolsVersion = 9.2;
						ProvisioningStyle = Automatic;
					};
				};
			};
			buildConfigurationList = 3922EE7B2115A9BE00A644FE /* Build configuration list for PBXProject "Todoey" */;
			compatibilityVersion = "Xcode 8.0";
			developmentRegion = en;
			hasScannedForEncodings = 0;
			knownRegions = (
				en,
				Base,
			);
			mainGroup = 3922EE772115A9BE00A644FE;
			productRefGroup = 3922EE812115A9BE00A644FE /* Products */;
			projectDirPath = "";
			projectRoot = "";
			targets = (
				3922EE7F2115A9BE00A644FE /* Todoey */,
			);
		};
/* End PBXProject section */

/* Begin PBXResourcesBuildPhase section */
		3922EE7E2115A9BE00A644FE /* Resources */ = {
			isa = PBXResourcesBuildPhase;
			buildActionMask = 2147483647;
			files = (
				3922EE8E2115A9BE00A644FE /* LaunchScreen.storyboard in Resources */,
				3922EE8B2115A9BE00A644FE /* Assets.xcassets in Resources */,
				3922EE892115A9BE00A644FE /* Main.storyboard in Resources */,
			);
			runOnlyForDeploymentPostprocessing = 0;
		};
/* End PBXResourcesBuildPhase section */

/* Begin PBXSourcesBuildPhase section */
		3922EE7C2115A9BE00A644FE /* Sources */ = {
			isa = PBXSourcesBuildPhase;
			buildActionMask = 2147483647;
			files = (
				3922EE862115A9BE00A644FE /* TodoListVC.swift in Sources */,
				3969BDB0211BE182004D30BE /* Item.swift in Sources */,
				3922EE842115A9BE00A644FE /* AppDelegate.swift in Sources */,
			);
			runOnlyForDeploymentPostprocessing = 0;
		};
/* End PBXSourcesBuildPhase section */

/* Begin PBXVariantGroup section */
		3922EE872115A9BE00A644FE /* Main.storyboard */ = {
			isa = PBXVariantGroup;
			children = (
				3922EE882115A9BE00A644FE /* Base */,
			);
			name = Main.storyboard;
			sourceTree = "<group>";
		};
		3922EE8C2115A9BE00A644FE /* LaunchScreen.storyboard */ = {
			isa = PBXVariantGroup;
			children = (
				3922EE8D2115A9BE00A644FE /* Base */,
			);
			name = LaunchScreen.storyboard;
			sourceTree = "<group>";
		};
/* End PBXVariantGroup section */

/* Begin XCBuildConfiguration section */
		3922EE902115A9BE00A644FE /* Debug */ = {
			isa = XCBuildConfiguration;
			buildSettings = {
				ALWAYS_SEARCH_USER_PATHS = NO;
				CLANG_ANALYZER_NONNULL = YES;
				CLANG_ANALYZER_NUMBER_OBJECT_CONVERSION = YES_AGGRESSIVE;
				CLANG_CXX_LANGUAGE_STANDARD = "gnu++14";
				CLANG_CXX_LIBRARY = "libc++";
				CLANG_ENABLE_MODULES = YES;
				CLANG_ENABLE_OBJC_ARC = YES;
				CLANG_WARN_BLOCK_CAPTURE_AUTORELEASING = YES;
				CLANG_WARN_BOOL_CONVERSION = YES;
				CLANG_WARN_COMMA = YES;
				CLANG_WARN_CONSTANT_CONVERSION = YES;
				CLANG_WARN_DIRECT_OBJC_ISA_USAGE = YES_ERROR;
				CLANG_WARN_DOCUMENTATION_COMMENTS = YES;
				CLANG_WARN_EMPTY_BODY = YES;
				CLANG_WARN_ENUM_CONVERSION = YES;
				CLANG_WARN_INFINITE_RECURSION = YES;
				CLANG_WARN_INT_CONVERSION = YES;
				CLANG_WARN_NON_LITERAL_NULL_CONVERSION = YES;
				CLANG_WARN_OBJC_LITERAL_CONVERSION = YES;
				CLANG_WARN_OBJC_ROOT_CLASS = YES_ERROR;
				CLANG_WARN_RANGE_LOOP_ANALYSIS = YES;
				CLANG_WARN_STRICT_PROTOTYPES = YES;
				CLANG_WARN_SUSPICIOUS_MOVE = YES;
				CLANG_WARN_UNGUARDED_AVAILABILITY = YES_AGGRESSIVE;
				CLANG_WARN_UNREACHABLE_CODE = YES;
				CLANG_WARN__DUPLICATE_METHOD_MATCH = YES;
				CODE_SIGN_IDENTITY = "iPhone Developer";
				COPY_PHASE_STRIP = NO;
				DEBUG_INFORMATION_FORMAT = dwarf;
				ENABLE_STRICT_OBJC_MSGSEND = YES;
				ENABLE_TESTABILITY = YES;
				GCC_C_LANGUAGE_STANDARD = gnu11;
				GCC_DYNAMIC_NO_PIC = NO;
				GCC_NO_COMMON_BLOCKS = YES;
				GCC_OPTIMIZATION_LEVEL = 0;
				GCC_PREPROCESSOR_DEFINITIONS = (
					"DEBUG=1",
					"$(inherited)",
				);
				GCC_WARN_64_TO_32_BIT_CONVERSION = YES;
				GCC_WARN_ABOUT_RETURN_TYPE = YES_ERROR;
				GCC_WARN_UNDECLARED_SELECTOR = YES;
				GCC_WARN_UNINITIALIZED_AUTOS = YES_AGGRESSIVE;
				GCC_WARN_UNUSED_FUNCTION = YES;
				GCC_WARN_UNUSED_VARIABLE = YES;
				IPHONEOS_DEPLOYMENT_TARGET = 11.2;
				MTL_ENABLE_DEBUG_INFO = YES;
				ONLY_ACTIVE_ARCH = YES;
				SDKROOT = iphoneos;
				SWIFT_ACTIVE_COMPILATION_CONDITIONS = DEBUG;
				SWIFT_OPTIMIZATION_LEVEL = "-Onone";
			};
			name = Debug;
		};
		3922EE912115A9BE00A644FE /* Release */ = {
			isa = XCBuildConfiguration;
			buildSettings = {
				ALWAYS_SEARCH_USER_PATHS = NO;
				CLANG_ANALYZER_NONNULL = YES;
				CLANG_ANALYZER_NUMBER_OBJECT_CONVERSION = YES_AGGRESSIVE;
				CLANG_CXX_LANGUAGE_STANDARD = "gnu++14";
				CLANG_CXX_LIBRARY = "libc++";
				CLANG_ENABLE_MODULES = YES;
				CLANG_ENABLE_OBJC_ARC = YES;
				CLANG_WARN_BLOCK_CAPTURE_AUTORELEASING = YES;
				CLANG_WARN_BOOL_CONVERSION = YES;
				CLANG_WARN_COMMA = YES;
				CLANG_WARN_CONSTANT_CONVERSION = YES;
				CLANG_WARN_DIRECT_OBJC_ISA_USAGE = YES_ERROR;
				CLANG_WARN_DOCUMENTATION_COMMENTS = YES;
				CLANG_WARN_EMPTY_BODY = YES;
				CLANG_WARN_ENUM_CONVERSION = YES;
				CLANG_WARN_INFINITE_RECURSION = YES;
				CLANG_WARN_INT_CONVERSION = YES;
				CLANG_WARN_NON_LITERAL_NULL_CONVERSION = YES;
				CLANG_WARN_OBJC_LITERAL_CONVERSION = YES;
				CLANG_WARN_OBJC_ROOT_CLASS = YES_ERROR;
				CLANG_WARN_RANGE_LOOP_ANALYSIS = YES;
				CLANG_WARN_STRICT_PROTOTYPES = YES;
				CLANG_WARN_SUSPICIOUS_MOVE = YES;
				CLANG_WARN_UNGUARDED_AVAILABILITY = YES_AGGRESSIVE;
				CLANG_WARN_UNREACHABLE_CODE = YES;
				CLANG_WARN__DUPLICATE_METHOD_MATCH = YES;
				CODE_SIGN_IDENTITY = "iPhone Developer";
				COPY_PHASE_STRIP = NO;
				DEBUG_INFORMATION_FORMAT = "dwarf-with-dsym";
				ENABLE_NS_ASSERTIONS = NO;
				ENABLE_STRICT_OBJC_MSGSEND = YES;
				GCC_C_LANGUAGE_STANDARD = gnu11;
				GCC_NO_COMMON_BLOCKS = YES;
				GCC_WARN_64_TO_32_BIT_CONVERSION = YES;
				GCC_WARN_ABOUT_RETURN_TYPE = YES_ERROR;
				GCC_WARN_UNDECLARED_SELECTOR = YES;
				GCC_WARN_UNINITIALIZED_AUTOS = YES_AGGRESSIVE;
				GCC_WARN_UNUSED_FUNCTION = YES;
				GCC_WARN_UNUSED_VARIABLE = YES;
				IPHONEOS_DEPLOYMENT_TARGET = 11.2;
				MTL_ENABLE_DEBUG_INFO = NO;
				SDKROOT = iphoneos;
				SWIFT_OPTIMIZATION_LEVEL = "-Owholemodule";
				VALIDATE_PRODUCT = YES;
			};
			name = Release;
		};
		3922EE932115A9BE00A644FE /* Debug */ = {
			isa = XCBuildConfiguration;
			buildSettings = {
				ASSETCATALOG_COMPILER_APPICON_NAME = AppIcon;
				CODE_SIGN_STYLE = Automatic;
				DEVELOPMENT_TEAM = CFAPXCHZ99;
				INFOPLIST_FILE = Todoey/Info.plist;
				LD_RUNPATH_SEARCH_PATHS = "$(inherited) @executable_path/Frameworks";
				PRODUCT_BUNDLE_IDENTIFIER = tw.nan.www.Todoey;
				PRODUCT_NAME = "$(TARGET_NAME)";
				SWIFT_VERSION = 4.0;
				TARGETED_DEVICE_FAMILY = "1,2";
			};
			name = Debug;
		};
		3922EE942115A9BE00A644FE /* Release */ = {
			isa = XCBuildConfiguration;
			buildSettings = {
				ASSETCATALOG_COMPILER_APPICON_NAME = AppIcon;
				CODE_SIGN_STYLE = Automatic;
				DEVELOPMENT_TEAM = CFAPXCHZ99;
				INFOPLIST_FILE = Todoey/Info.plist;
				LD_RUNPATH_SEARCH_PATHS = "$(inherited) @executable_path/Frameworks";
				PRODUCT_BUNDLE_IDENTIFIER = tw.nan.www.Todoey;
				PRODUCT_NAME = "$(TARGET_NAME)";
				SWIFT_VERSION = 4.0;
				TARGETED_DEVICE_FAMILY = "1,2";
			};
			name = Release;
		};
/* End XCBuildConfiguration section */

/* Begin XCConfigurationList section */
		3922EE7B2115A9BE00A644FE /* Build configuration list for PBXProject "Todoey" */ = {
			isa = XCConfigurationList;
			buildConfigurations = (
				3922EE902115A9BE00A644FE /* Debug */,
				3922EE912115A9BE00A644FE /* Release */,
			);
			defaultConfigurationIsVisible = 0;
			defaultConfigurationName = Release;
		};
		3922EE922115A9BE00A644FE /* Build configuration list for PBXNativeTarget "Todoey" */ = {
			isa = XCConfigurationList;
			buildConfigurations = (
				3922EE932115A9BE00A644FE /* Debug */,
				3922EE942115A9BE00A644FE /* Release */,
			);
			defaultConfigurationIsVisible = 0;
			defaultConfigurationName = Release;
		};
/* End XCConfigurationList section */
	};
	rootObject = 3922EE782115A9BE00A644FE /* Project object */;
}
